// !$*UTF8*$!
{
	archiveVersion = 1;
	classes = {
	};
	objectVersion = 55;
	objects = {

/* Begin PBXBuildFile section */
		263475DA27F1F76C0003B0FC /* UIView+extensions.swift in Sources */ = {isa = PBXBuildFile; fileRef = 263475D927F1F76C0003B0FC /* UIView+extensions.swift */; };
		263475DC27F1F83C0003B0FC /* UIStackView+extensions.swift in Sources */ = {isa = PBXBuildFile; fileRef = 263475DB27F1F83C0003B0FC /* UIStackView+extensions.swift */; };
		263475DE27F1F89E0003B0FC /* CustomVerticalStack.swift in Sources */ = {isa = PBXBuildFile; fileRef = 263475DD27F1F89E0003B0FC /* CustomVerticalStack.swift */; };
		263475E027F1F91A0003B0FC /* CustomTextField.swift in Sources */ = {isa = PBXBuildFile; fileRef = 263475DF27F1F91A0003B0FC /* CustomTextField.swift */; };
		263475E327F1FBF60003B0FC /* CustomLogoImageView.swift in Sources */ = {isa = PBXBuildFile; fileRef = 263475E227F1FBF60003B0FC /* CustomLogoImageView.swift */; };
		263475E527F225CE0003B0FC /* ConfirmButton.swift in Sources */ = {isa = PBXBuildFile; fileRef = 263475E427F225CE0003B0FC /* ConfirmButton.swift */; };
		263475E727F23C300003B0FC /* CustomLabel.swift in Sources */ = {isa = PBXBuildFile; fileRef = 263475E627F23C300003B0FC /* CustomLabel.swift */; };
		263475E927F23CEA0003B0FC /* CustomButton.swift in Sources */ = {isa = PBXBuildFile; fileRef = 263475E827F23CEA0003B0FC /* CustomButton.swift */; };
		263475EB27F249C50003B0FC /* CustomHorizontalStackView.swift in Sources */ = {isa = PBXBuildFile; fileRef = 263475EA27F249C50003B0FC /* CustomHorizontalStackView.swift */; };
		263475ED27F254110003B0FC /* ForgotViewController.swift in Sources */ = {isa = PBXBuildFile; fileRef = 263475EC27F254110003B0FC /* ForgotViewController.swift */; };
		263475EF27F254F40003B0FC /* SignUpViewController.swift in Sources */ = {isa = PBXBuildFile; fileRef = 263475EE27F254F40003B0FC /* SignUpViewController.swift */; };
		263475F127F260A40003B0FC /* ForgotView.swift in Sources */ = {isa = PBXBuildFile; fileRef = 263475F027F260A40003B0FC /* ForgotView.swift */; };
		26525DB328088EED008A288C /* CategoryCollectionViewCell.swift in Sources */ = {isa = PBXBuildFile; fileRef = 26525DB228088EED008A288C /* CategoryCollectionViewCell.swift */; };
		265AAA9327EA11C000EFCC04 /* AppDelegate.swift in Sources */ = {isa = PBXBuildFile; fileRef = 265AAA9227EA11C000EFCC04 /* AppDelegate.swift */; };
		265AAA9527EA11C000EFCC04 /* SceneDelegate.swift in Sources */ = {isa = PBXBuildFile; fileRef = 265AAA9427EA11C000EFCC04 /* SceneDelegate.swift */; };
		265AAA9727EA11C000EFCC04 /* SignInViewController.swift in Sources */ = {isa = PBXBuildFile; fileRef = 265AAA9627EA11C000EFCC04 /* SignInViewController.swift */; };
		265AAA9C27EA11C100EFCC04 /* Assets.xcassets in Resources */ = {isa = PBXBuildFile; fileRef = 265AAA9B27EA11C100EFCC04 /* Assets.xcassets */; };
		265AAA9F27EA11C100EFCC04 /* LaunchScreen.storyboard in Resources */ = {isa = PBXBuildFile; fileRef = 265AAA9D27EA11C100EFCC04 /* LaunchScreen.storyboard */; };
		265AAAAA27EA11C100EFCC04 /* AppTopCarTests.swift in Sources */ = {isa = PBXBuildFile; fileRef = 265AAAA927EA11C100EFCC04 /* AppTopCarTests.swift */; };
		265AAAB427EA11C100EFCC04 /* AppTopCarUITests.swift in Sources */ = {isa = PBXBuildFile; fileRef = 265AAAB327EA11C100EFCC04 /* AppTopCarUITests.swift */; };
		265AAAB627EA11C100EFCC04 /* AppTopCarUITestsLaunchTests.swift in Sources */ = {isa = PBXBuildFile; fileRef = 265AAAB527EA11C100EFCC04 /* AppTopCarUITestsLaunchTests.swift */; };
		265AAAC727EA128400EFCC04 /* Podfile in Resources */ = {isa = PBXBuildFile; fileRef = 265AAAC627EA128400EFCC04 /* Podfile */; };
		265AAAC927EA14D900EFCC04 /* HomeViewController.swift in Sources */ = {isa = PBXBuildFile; fileRef = 265AAAC827EA14D900EFCC04 /* HomeViewController.swift */; };
		265AAACC27EA155B00EFCC04 /* SignInView.swift in Sources */ = {isa = PBXBuildFile; fileRef = 265AAACB27EA155B00EFCC04 /* SignInView.swift */; };
		265AAACE27EA15EA00EFCC04 /* CodeView.swift in Sources */ = {isa = PBXBuildFile; fileRef = 265AAACD27EA15EA00EFCC04 /* CodeView.swift */; };
		265FEF8C27F34260009199F1 /* UIResponder+extensions.swift in Sources */ = {isa = PBXBuildFile; fileRef = 265FEF8B27F34260009199F1 /* UIResponder+extensions.swift */; };
		265FEF8E27F3573B009199F1 /* SignUpView.swift in Sources */ = {isa = PBXBuildFile; fileRef = 265FEF8D27F3573B009199F1 /* SignUpView.swift */; };
		265FEF9027F37165009199F1 /* KeyboardShow.swift in Sources */ = {isa = PBXBuildFile; fileRef = 265FEF8F27F37165009199F1 /* KeyboardShow.swift */; };
		2664E9F72801D3E0001EA7F7 /* GoogleMapView.swift in Sources */ = {isa = PBXBuildFile; fileRef = 2664E9F62801D3E0001EA7F7 /* GoogleMapView.swift */; };
		2664E9F92801DD2C001EA7F7 /* Pods_AppTopCar.framework in Frameworks */ = {isa = PBXBuildFile; fileRef = 2664E9F82801DD2C001EA7F7 /* Pods_AppTopCar.framework */; };
		2664E9FC2801DD48001EA7F7 /* Pods_AppTopCar.framework in Frameworks */ = {isa = PBXBuildFile; fileRef = 6FDAE4133390A24D0FECDA87 /* Pods_AppTopCar.framework */; };
		2664E9FD2801DD48001EA7F7 /* Pods_AppTopCar.framework in Embed Frameworks */ = {isa = PBXBuildFile; fileRef = 6FDAE4133390A24D0FECDA87 /* Pods_AppTopCar.framework */; settings = {ATTRIBUTES = (RemoveHeadersOnCopy, ); }; };
		2676D92A2800DFA100F0982D /* ServicesTableView.swift in Sources */ = {isa = PBXBuildFile; fileRef = 2676D9292800DFA100F0982D /* ServicesTableView.swift */; };
		2676D92E2800EE6B00F0982D /* CustomTableViewCell.swift in Sources */ = {isa = PBXBuildFile; fileRef = 2676D92D2800EE6B00F0982D /* CustomTableViewCell.swift */; };
		2676D9382800FE0900F0982D /* ProfileViewController.swift in Sources */ = {isa = PBXBuildFile; fileRef = 2676D9372800FE0900F0982D /* ProfileViewController.swift */; };
		2676D93B2800FE2C00F0982D /* MapViewController.swift in Sources */ = {isa = PBXBuildFile; fileRef = 2676D93A2800FE2C00F0982D /* MapViewController.swift */; };
		2676D93F2800FE5C00F0982D /* TabBarViewController.swift in Sources */ = {isa = PBXBuildFile; fileRef = 2676D93E2800FE5C00F0982D /* TabBarViewController.swift */; };
		2676D9412801276300F0982D /* MapNativeView.swift in Sources */ = {isa = PBXBuildFile; fileRef = 2676D9402801276300F0982D /* MapNativeView.swift */; };
		267E4D2E27F484BD00019B7E /* String+extensions.swift in Sources */ = {isa = PBXBuildFile; fileRef = 267E4D2D27F484BD00019B7E /* String+extensions.swift */; };
		2680EDA727F74D7800DB139D /* TransactionCustomButton.swift in Sources */ = {isa = PBXBuildFile; fileRef = 2680EDA627F74D7800DB139D /* TransactionCustomButton.swift */; };
		26A8E4CA27F6127F00DC8B6E /* User.swift in Sources */ = {isa = PBXBuildFile; fileRef = 26A8E4C927F6127F00DC8B6E /* User.swift */; };
		26A8E4CD27F612E800DC8B6E /* UserServiceProtocol.swift in Sources */ = {isa = PBXBuildFile; fileRef = 26A8E4CC27F612E800DC8B6E /* UserServiceProtocol.swift */; };
		26A8E4CF27F613AB00DC8B6E /* HTTPMethod.swift in Sources */ = {isa = PBXBuildFile; fileRef = 26A8E4CE27F613AB00DC8B6E /* HTTPMethod.swift */; };
		26A8E4D127F6142100DC8B6E /* UserService.swift in Sources */ = {isa = PBXBuildFile; fileRef = 26A8E4D027F6142100DC8B6E /* UserService.swift */; };
		26A8E4D327F6169B00DC8B6E /* GoogleService-Info.plist in Resources */ = {isa = PBXBuildFile; fileRef = 26A8E4D227F6169B00DC8B6E /* GoogleService-Info.plist */; };
		3B7082CD0797583F7A36EB97 /* Pods_AppTopCar_AppTopCarUITests.framework in Frameworks */ = {isa = PBXBuildFile; fileRef = 6BF6DE2A763E797DDA6A3CF3 /* Pods_AppTopCar_AppTopCarUITests.framework */; };
		D9365748B69EC4ECB63738C2 /* Pods_AppTopCarTests.framework in Frameworks */ = {isa = PBXBuildFile; fileRef = 06194A569BE11CA93865D49F /* Pods_AppTopCarTests.framework */; };
/* End PBXBuildFile section */

/* Begin PBXContainerItemProxy section */
		265AAAA627EA11C100EFCC04 /* PBXContainerItemProxy */ = {
			isa = PBXContainerItemProxy;
			containerPortal = 265AAA8727EA11C000EFCC04 /* Project object */;
			proxyType = 1;
			remoteGlobalIDString = 265AAA8E27EA11C000EFCC04;
			remoteInfo = AppTopCar;
		};
		265AAAB027EA11C100EFCC04 /* PBXContainerItemProxy */ = {
			isa = PBXContainerItemProxy;
			containerPortal = 265AAA8727EA11C000EFCC04 /* Project object */;
			proxyType = 1;
			remoteGlobalIDString = 265AAA8E27EA11C000EFCC04;
			remoteInfo = AppTopCar;
		};
/* End PBXContainerItemProxy section */

/* Begin PBXCopyFilesBuildPhase section */
		2664E9FE2801DD48001EA7F7 /* Embed Frameworks */ = {
			isa = PBXCopyFilesBuildPhase;
			buildActionMask = 2147483647;
			dstPath = "";
			dstSubfolderSpec = 10;
			files = (
				2664E9FD2801DD48001EA7F7 /* Pods_AppTopCar.framework in Embed Frameworks */,
			);
			name = "Embed Frameworks";
			runOnlyForDeploymentPostprocessing = 0;
		};
/* End PBXCopyFilesBuildPhase section */

/* Begin PBXFileReference section */
		010F46746638499AF394E589 /* Pods-AppTopCar.release.xcconfig */ = {isa = PBXFileReference; includeInIndex = 1; lastKnownFileType = text.xcconfig; name = "Pods-AppTopCar.release.xcconfig"; path = "Target Support Files/Pods-AppTopCar/Pods-AppTopCar.release.xcconfig"; sourceTree = "<group>"; };
		06194A569BE11CA93865D49F /* Pods_AppTopCarTests.framework */ = {isa = PBXFileReference; explicitFileType = wrapper.framework; includeInIndex = 0; path = Pods_AppTopCarTests.framework; sourceTree = BUILT_PRODUCTS_DIR; };
		263475D927F1F76C0003B0FC /* UIView+extensions.swift */ = {isa = PBXFileReference; lastKnownFileType = sourcecode.swift; path = "UIView+extensions.swift"; sourceTree = "<group>"; };
		263475DB27F1F83C0003B0FC /* UIStackView+extensions.swift */ = {isa = PBXFileReference; lastKnownFileType = sourcecode.swift; path = "UIStackView+extensions.swift"; sourceTree = "<group>"; };
		263475DD27F1F89E0003B0FC /* CustomVerticalStack.swift */ = {isa = PBXFileReference; lastKnownFileType = sourcecode.swift; path = CustomVerticalStack.swift; sourceTree = "<group>"; };
		263475DF27F1F91A0003B0FC /* CustomTextField.swift */ = {isa = PBXFileReference; lastKnownFileType = sourcecode.swift; path = CustomTextField.swift; sourceTree = "<group>"; };
		263475E227F1FBF60003B0FC /* CustomLogoImageView.swift */ = {isa = PBXFileReference; lastKnownFileType = sourcecode.swift; path = CustomLogoImageView.swift; sourceTree = "<group>"; };
		263475E427F225CE0003B0FC /* ConfirmButton.swift */ = {isa = PBXFileReference; lastKnownFileType = sourcecode.swift; path = ConfirmButton.swift; sourceTree = "<group>"; };
		263475E627F23C300003B0FC /* CustomLabel.swift */ = {isa = PBXFileReference; lastKnownFileType = sourcecode.swift; path = CustomLabel.swift; sourceTree = "<group>"; };
		263475E827F23CEA0003B0FC /* CustomButton.swift */ = {isa = PBXFileReference; lastKnownFileType = sourcecode.swift; path = CustomButton.swift; sourceTree = "<group>"; };
		263475EA27F249C50003B0FC /* CustomHorizontalStackView.swift */ = {isa = PBXFileReference; lastKnownFileType = sourcecode.swift; path = CustomHorizontalStackView.swift; sourceTree = "<group>"; };
		263475EC27F254110003B0FC /* ForgotViewController.swift */ = {isa = PBXFileReference; lastKnownFileType = sourcecode.swift; path = ForgotViewController.swift; sourceTree = "<group>"; };
		263475EE27F254F40003B0FC /* SignUpViewController.swift */ = {isa = PBXFileReference; lastKnownFileType = sourcecode.swift; path = SignUpViewController.swift; sourceTree = "<group>"; };
		263475F027F260A40003B0FC /* ForgotView.swift */ = {isa = PBXFileReference; lastKnownFileType = sourcecode.swift; path = ForgotView.swift; sourceTree = "<group>"; };
		26525DB228088EED008A288C /* CategoryCollectionViewCell.swift */ = {isa = PBXFileReference; lastKnownFileType = sourcecode.swift; path = CategoryCollectionViewCell.swift; sourceTree = "<group>"; };
		265AAA8F27EA11C000EFCC04 /* AppTopCar.app */ = {isa = PBXFileReference; explicitFileType = wrapper.application; includeInIndex = 0; path = AppTopCar.app; sourceTree = BUILT_PRODUCTS_DIR; };
		265AAA9227EA11C000EFCC04 /* AppDelegate.swift */ = {isa = PBXFileReference; lastKnownFileType = sourcecode.swift; path = AppDelegate.swift; sourceTree = "<group>"; };
		265AAA9427EA11C000EFCC04 /* SceneDelegate.swift */ = {isa = PBXFileReference; lastKnownFileType = sourcecode.swift; path = SceneDelegate.swift; sourceTree = "<group>"; };
		265AAA9627EA11C000EFCC04 /* SignInViewController.swift */ = {isa = PBXFileReference; lastKnownFileType = sourcecode.swift; path = SignInViewController.swift; sourceTree = "<group>"; };
		265AAA9B27EA11C100EFCC04 /* Assets.xcassets */ = {isa = PBXFileReference; lastKnownFileType = folder.assetcatalog; path = Assets.xcassets; sourceTree = "<group>"; };
		265AAA9E27EA11C100EFCC04 /* Base */ = {isa = PBXFileReference; lastKnownFileType = file.storyboard; name = Base; path = Base.lproj/LaunchScreen.storyboard; sourceTree = "<group>"; };
		265AAAA027EA11C100EFCC04 /* Info.plist */ = {isa = PBXFileReference; lastKnownFileType = text.plist.xml; path = Info.plist; sourceTree = "<group>"; };
		265AAAA527EA11C100EFCC04 /* AppTopCarTests.xctest */ = {isa = PBXFileReference; explicitFileType = wrapper.cfbundle; includeInIndex = 0; path = AppTopCarTests.xctest; sourceTree = BUILT_PRODUCTS_DIR; };
		265AAAA927EA11C100EFCC04 /* AppTopCarTests.swift */ = {isa = PBXFileReference; lastKnownFileType = sourcecode.swift; path = AppTopCarTests.swift; sourceTree = "<group>"; };
		265AAAAF27EA11C100EFCC04 /* AppTopCarUITests.xctest */ = {isa = PBXFileReference; explicitFileType = wrapper.cfbundle; includeInIndex = 0; path = AppTopCarUITests.xctest; sourceTree = BUILT_PRODUCTS_DIR; };
		265AAAB327EA11C100EFCC04 /* AppTopCarUITests.swift */ = {isa = PBXFileReference; lastKnownFileType = sourcecode.swift; path = AppTopCarUITests.swift; sourceTree = "<group>"; };
		265AAAB527EA11C100EFCC04 /* AppTopCarUITestsLaunchTests.swift */ = {isa = PBXFileReference; lastKnownFileType = sourcecode.swift; path = AppTopCarUITestsLaunchTests.swift; sourceTree = "<group>"; };
		265AAAC627EA128400EFCC04 /* Podfile */ = {isa = PBXFileReference; fileEncoding = 4; lastKnownFileType = text; path = Podfile; sourceTree = "<group>"; xcLanguageSpecificationIdentifier = xcode.lang.ruby; };
		265AAAC827EA14D900EFCC04 /* HomeViewController.swift */ = {isa = PBXFileReference; lastKnownFileType = sourcecode.swift; path = HomeViewController.swift; sourceTree = "<group>"; };
		265AAACB27EA155B00EFCC04 /* SignInView.swift */ = {isa = PBXFileReference; lastKnownFileType = sourcecode.swift; path = SignInView.swift; sourceTree = "<group>"; };
		265AAACD27EA15EA00EFCC04 /* CodeView.swift */ = {isa = PBXFileReference; lastKnownFileType = sourcecode.swift; path = CodeView.swift; sourceTree = "<group>"; };
		265FEF8B27F34260009199F1 /* UIResponder+extensions.swift */ = {isa = PBXFileReference; lastKnownFileType = sourcecode.swift; path = "UIResponder+extensions.swift"; sourceTree = "<group>"; };
		265FEF8D27F3573B009199F1 /* SignUpView.swift */ = {isa = PBXFileReference; lastKnownFileType = sourcecode.swift; path = SignUpView.swift; sourceTree = "<group>"; };
		265FEF8F27F37165009199F1 /* KeyboardShow.swift */ = {isa = PBXFileReference; lastKnownFileType = sourcecode.swift; path = KeyboardShow.swift; sourceTree = "<group>"; };
		2664E9F62801D3E0001EA7F7 /* GoogleMapView.swift */ = {isa = PBXFileReference; lastKnownFileType = sourcecode.swift; path = GoogleMapView.swift; sourceTree = "<group>"; };
		2664E9F82801DD2C001EA7F7 /* Pods_AppTopCar.framework */ = {isa = PBXFileReference; explicitFileType = wrapper.framework; path = Pods_AppTopCar.framework; sourceTree = BUILT_PRODUCTS_DIR; };
		2676D9292800DFA100F0982D /* ServicesTableView.swift */ = {isa = PBXFileReference; lastKnownFileType = sourcecode.swift; path = ServicesTableView.swift; sourceTree = "<group>"; };
		2676D92D2800EE6B00F0982D /* CustomTableViewCell.swift */ = {isa = PBXFileReference; lastKnownFileType = sourcecode.swift; path = CustomTableViewCell.swift; sourceTree = "<group>"; };
		2676D9372800FE0900F0982D /* ProfileViewController.swift */ = {isa = PBXFileReference; lastKnownFileType = sourcecode.swift; path = ProfileViewController.swift; sourceTree = "<group>"; };
		2676D93A2800FE2C00F0982D /* MapViewController.swift */ = {isa = PBXFileReference; lastKnownFileType = sourcecode.swift; path = MapViewController.swift; sourceTree = "<group>"; };
		2676D93E2800FE5C00F0982D /* TabBarViewController.swift */ = {isa = PBXFileReference; lastKnownFileType = sourcecode.swift; path = TabBarViewController.swift; sourceTree = "<group>"; };
		2676D9402801276300F0982D /* MapNativeView.swift */ = {isa = PBXFileReference; lastKnownFileType = sourcecode.swift; path = MapNativeView.swift; sourceTree = "<group>"; };
		267E4D2D27F484BD00019B7E /* String+extensions.swift */ = {isa = PBXFileReference; lastKnownFileType = sourcecode.swift; path = "String+extensions.swift"; sourceTree = "<group>"; };
		2680EDA627F74D7800DB139D /* TransactionCustomButton.swift */ = {isa = PBXFileReference; lastKnownFileType = sourcecode.swift; path = TransactionCustomButton.swift; sourceTree = "<group>"; };
		26A8E4C927F6127F00DC8B6E /* User.swift */ = {isa = PBXFileReference; lastKnownFileType = sourcecode.swift; path = User.swift; sourceTree = "<group>"; };
		26A8E4CC27F612E800DC8B6E /* UserServiceProtocol.swift */ = {isa = PBXFileReference; lastKnownFileType = sourcecode.swift; path = UserServiceProtocol.swift; sourceTree = "<group>"; };
		26A8E4CE27F613AB00DC8B6E /* HTTPMethod.swift */ = {isa = PBXFileReference; lastKnownFileType = sourcecode.swift; path = HTTPMethod.swift; sourceTree = "<group>"; };
		26A8E4D027F6142100DC8B6E /* UserService.swift */ = {isa = PBXFileReference; lastKnownFileType = sourcecode.swift; path = UserService.swift; sourceTree = "<group>"; };
		26A8E4D227F6169B00DC8B6E /* GoogleService-Info.plist */ = {isa = PBXFileReference; fileEncoding = 4; lastKnownFileType = text.plist.xml; path = "GoogleService-Info.plist"; sourceTree = "<group>"; };
		28233397752204C9F8E6E0A7 /* Pods-AppTopCar-AppTopCarUITests.debug.xcconfig */ = {isa = PBXFileReference; includeInIndex = 1; lastKnownFileType = text.xcconfig; name = "Pods-AppTopCar-AppTopCarUITests.debug.xcconfig"; path = "Target Support Files/Pods-AppTopCar-AppTopCarUITests/Pods-AppTopCar-AppTopCarUITests.debug.xcconfig"; sourceTree = "<group>"; };
		637DD0FE7B631B89E38E192A /* Pods-AppTopCar-AppTopCarUITests.release.xcconfig */ = {isa = PBXFileReference; includeInIndex = 1; lastKnownFileType = text.xcconfig; name = "Pods-AppTopCar-AppTopCarUITests.release.xcconfig"; path = "Target Support Files/Pods-AppTopCar-AppTopCarUITests/Pods-AppTopCar-AppTopCarUITests.release.xcconfig"; sourceTree = "<group>"; };
		6BF6DE2A763E797DDA6A3CF3 /* Pods_AppTopCar_AppTopCarUITests.framework */ = {isa = PBXFileReference; explicitFileType = wrapper.framework; includeInIndex = 0; path = Pods_AppTopCar_AppTopCarUITests.framework; sourceTree = BUILT_PRODUCTS_DIR; };
		6FDAE4133390A24D0FECDA87 /* Pods_AppTopCar.framework */ = {isa = PBXFileReference; explicitFileType = wrapper.framework; includeInIndex = 0; path = Pods_AppTopCar.framework; sourceTree = BUILT_PRODUCTS_DIR; };
		85A1F630700D0F2CC27D058A /* Pods-AppTopCar.debug.xcconfig */ = {isa = PBXFileReference; includeInIndex = 1; lastKnownFileType = text.xcconfig; name = "Pods-AppTopCar.debug.xcconfig"; path = "Target Support Files/Pods-AppTopCar/Pods-AppTopCar.debug.xcconfig"; sourceTree = "<group>"; };
		8F5A59A036D0D0E343A14B63 /* Pods-AppTopCarTests.release.xcconfig */ = {isa = PBXFileReference; includeInIndex = 1; lastKnownFileType = text.xcconfig; name = "Pods-AppTopCarTests.release.xcconfig"; path = "Target Support Files/Pods-AppTopCarTests/Pods-AppTopCarTests.release.xcconfig"; sourceTree = "<group>"; };
		FE12BD3DD3C69D8D43BA20EC /* Pods-AppTopCarTests.debug.xcconfig */ = {isa = PBXFileReference; includeInIndex = 1; lastKnownFileType = text.xcconfig; name = "Pods-AppTopCarTests.debug.xcconfig"; path = "Target Support Files/Pods-AppTopCarTests/Pods-AppTopCarTests.debug.xcconfig"; sourceTree = "<group>"; };
/* End PBXFileReference section */

/* Begin PBXFrameworksBuildPhase section */
		265AAA8C27EA11C000EFCC04 /* Frameworks */ = {
			isa = PBXFrameworksBuildPhase;
			buildActionMask = 2147483647;
			files = (
				2664E9F92801DD2C001EA7F7 /* Pods_AppTopCar.framework in Frameworks */,
				2664E9FC2801DD48001EA7F7 /* Pods_AppTopCar.framework in Frameworks */,
			);
			runOnlyForDeploymentPostprocessing = 0;
		};
		265AAAA227EA11C100EFCC04 /* Frameworks */ = {
			isa = PBXFrameworksBuildPhase;
			buildActionMask = 2147483647;
			files = (
				D9365748B69EC4ECB63738C2 /* Pods_AppTopCarTests.framework in Frameworks */,
			);
			runOnlyForDeploymentPostprocessing = 0;
		};
		265AAAAC27EA11C100EFCC04 /* Frameworks */ = {
			isa = PBXFrameworksBuildPhase;
			buildActionMask = 2147483647;
			files = (
				3B7082CD0797583F7A36EB97 /* Pods_AppTopCar_AppTopCarUITests.framework in Frameworks */,
			);
			runOnlyForDeploymentPostprocessing = 0;
		};
/* End PBXFrameworksBuildPhase section */

/* Begin PBXGroup section */
		0F36BA9E2C4D31DA1D35179F /* Pods */ = {
			isa = PBXGroup;
			children = (
				85A1F630700D0F2CC27D058A /* Pods-AppTopCar.debug.xcconfig */,
				010F46746638499AF394E589 /* Pods-AppTopCar.release.xcconfig */,
				28233397752204C9F8E6E0A7 /* Pods-AppTopCar-AppTopCarUITests.debug.xcconfig */,
				637DD0FE7B631B89E38E192A /* Pods-AppTopCar-AppTopCarUITests.release.xcconfig */,
				FE12BD3DD3C69D8D43BA20EC /* Pods-AppTopCarTests.debug.xcconfig */,
				8F5A59A036D0D0E343A14B63 /* Pods-AppTopCarTests.release.xcconfig */,
			);
			path = Pods;
			sourceTree = "<group>";
		};
		173D941CE979293E12AD7F0B /* Frameworks */ = {
			isa = PBXGroup;
			children = (
				2664E9F82801DD2C001EA7F7 /* Pods_AppTopCar.framework */,
				6FDAE4133390A24D0FECDA87 /* Pods_AppTopCar.framework */,
				6BF6DE2A763E797DDA6A3CF3 /* Pods_AppTopCar_AppTopCarUITests.framework */,
				06194A569BE11CA93865D49F /* Pods_AppTopCarTests.framework */,
			);
			name = Frameworks;
			sourceTree = "<group>";
		};
		263475D227F1F6D70003B0FC /* SignIn */ = {
			isa = PBXGroup;
			children = (
				265AAA9627EA11C000EFCC04 /* SignInViewController.swift */,
				265AAACB27EA155B00EFCC04 /* SignInView.swift */,
			);
			path = SignIn;
			sourceTree = "<group>";
		};
		263475D427F1F6ED0003B0FC /* SignUp */ = {
			isa = PBXGroup;
			children = (
				263475EE27F254F40003B0FC /* SignUpViewController.swift */,
				265FEF8D27F3573B009199F1 /* SignUpView.swift */,
			);
			path = SignUp;
			sourceTree = "<group>";
		};
		263475D527F1F6F50003B0FC /* Forgot */ = {
			isa = PBXGroup;
			children = (
				263475EC27F254110003B0FC /* ForgotViewController.swift */,
				263475F027F260A40003B0FC /* ForgotView.swift */,
			);
			path = Forgot;
			sourceTree = "<group>";
		};
		263475D627F1F6FC0003B0FC /* Home */ = {
			isa = PBXGroup;
			children = (
				26525DB128088EAF008A288C /* CollectionCell */,
				2676D92B2800DFA400F0982D /* ServicesTableView */,
				265AAAC827EA14D900EFCC04 /* HomeViewController.swift */,
			);
			path = Home;
			sourceTree = "<group>";
		};
		263475D727F1F7210003B0FC /* Commons */ = {
			isa = PBXGroup;
			children = (
				2676D92C2800E30400F0982D /* protocols */,
				265FEF8F27F37165009199F1 /* KeyboardShow.swift */,
				263475D827F1F7290003B0FC /* Extensions */,
			);
			path = Commons;
			sourceTree = "<group>";
		};
		263475D827F1F7290003B0FC /* Extensions */ = {
			isa = PBXGroup;
			children = (
				263475D927F1F76C0003B0FC /* UIView+extensions.swift */,
				263475DB27F1F83C0003B0FC /* UIStackView+extensions.swift */,
				265FEF8B27F34260009199F1 /* UIResponder+extensions.swift */,
				267E4D2D27F484BD00019B7E /* String+extensions.swift */,
			);
			path = Extensions;
			sourceTree = "<group>";
		};
		26525DB128088EAF008A288C /* CollectionCell */ = {
			isa = PBXGroup;
			children = (
				26525DB228088EED008A288C /* CategoryCollectionViewCell.swift */,
			);
			path = CollectionCell;
			sourceTree = "<group>";
		};
		265AAA8627EA11C000EFCC04 = {
			isa = PBXGroup;
			children = (
				265AAAC627EA128400EFCC04 /* Podfile */,
				265AAA9127EA11C000EFCC04 /* AppTopCar */,
				265AAAA827EA11C100EFCC04 /* AppTopCarTests */,
				265AAAB227EA11C100EFCC04 /* AppTopCarUITests */,
				265AAA9027EA11C000EFCC04 /* Products */,
				0F36BA9E2C4D31DA1D35179F /* Pods */,
				173D941CE979293E12AD7F0B /* Frameworks */,
			);
			sourceTree = "<group>";
		};
		265AAA9027EA11C000EFCC04 /* Products */ = {
			isa = PBXGroup;
			children = (
				265AAA8F27EA11C000EFCC04 /* AppTopCar.app */,
				265AAAA527EA11C100EFCC04 /* AppTopCarTests.xctest */,
				265AAAAF27EA11C100EFCC04 /* AppTopCarUITests.xctest */,
			);
			name = Products;
			sourceTree = "<group>";
		};
		265AAA9127EA11C000EFCC04 /* AppTopCar */ = {
			isa = PBXGroup;
			children = (
				26A8E4D427F61BE200DC8B6E /* Application */,
				26A8E4D227F6169B00DC8B6E /* GoogleService-Info.plist */,
				26A8E4C627F610D700DC8B6E /* Services */,
				263475D727F1F7210003B0FC /* Commons */,
				265AAACF27EA165C00EFCC04 /* Components */,
				265AAAC427EA120100EFCC04 /* View */,
				265AAAC227EA11F200EFCC04 /* Models */,
				265AAA9B27EA11C100EFCC04 /* Assets.xcassets */,
				265AAA9D27EA11C100EFCC04 /* LaunchScreen.storyboard */,
				265AAAA027EA11C100EFCC04 /* Info.plist */,
			);
			path = AppTopCar;
			sourceTree = "<group>";
		};
		265AAAA827EA11C100EFCC04 /* AppTopCarTests */ = {
			isa = PBXGroup;
			children = (
				265AAAA927EA11C100EFCC04 /* AppTopCarTests.swift */,
			);
			path = AppTopCarTests;
			sourceTree = "<group>";
		};
		265AAAB227EA11C100EFCC04 /* AppTopCarUITests */ = {
			isa = PBXGroup;
			children = (
				265AAAB327EA11C100EFCC04 /* AppTopCarUITests.swift */,
				265AAAB527EA11C100EFCC04 /* AppTopCarUITestsLaunchTests.swift */,
			);
			path = AppTopCarUITests;
			sourceTree = "<group>";
		};
		265AAAC227EA11F200EFCC04 /* Models */ = {
			isa = PBXGroup;
			children = (
				26A8E4C927F6127F00DC8B6E /* User.swift */,
			);
			path = Models;
			sourceTree = "<group>";
		};
		265AAAC427EA120100EFCC04 /* View */ = {
			isa = PBXGroup;
			children = (
				2676D9362800FDC400F0982D /* Profile */,
				2676D9352800FDAA00F0982D /* Map */,
				2676D9342800FD9700F0982D /* HomeTabBar */,
				263475D627F1F6FC0003B0FC /* Home */,
				263475D527F1F6F50003B0FC /* Forgot */,
				263475D427F1F6ED0003B0FC /* SignUp */,
				263475D227F1F6D70003B0FC /* SignIn */,
			);
			path = View;
			sourceTree = "<group>";
		};
		265AAACF27EA165C00EFCC04 /* Components */ = {
			isa = PBXGroup;
			children = (
				2676D9332800F0D300F0982D /* ImageLogo */,
				2676D9322800F0C500F0982D /* TextFields */,
				2676D9312800F0B600F0982D /* Labels */,
				2676D9302800F0A900F0982D /* StackViews */,
				2676D92F2800F08A00F0982D /* Buttons */,
			);
			path = Components;
			sourceTree = "<group>";
		};
		2676D92B2800DFA400F0982D /* ServicesTableView */ = {
			isa = PBXGroup;
			children = (
				2676D9292800DFA100F0982D /* ServicesTableView.swift */,
				2676D92D2800EE6B00F0982D /* CustomTableViewCell.swift */,
			);
			path = ServicesTableView;
			sourceTree = "<group>";
		};
		2676D92C2800E30400F0982D /* protocols */ = {
			isa = PBXGroup;
			children = (
				265AAACD27EA15EA00EFCC04 /* CodeView.swift */,
			);
			path = protocols;
			sourceTree = "<group>";
		};
		2676D92F2800F08A00F0982D /* Buttons */ = {
			isa = PBXGroup;
			children = (
				263475E427F225CE0003B0FC /* ConfirmButton.swift */,
				263475E827F23CEA0003B0FC /* CustomButton.swift */,
				2680EDA627F74D7800DB139D /* TransactionCustomButton.swift */,
			);
			path = Buttons;
			sourceTree = "<group>";
		};
		2676D9302800F0A900F0982D /* StackViews */ = {
			isa = PBXGroup;
			children = (
				263475DD27F1F89E0003B0FC /* CustomVerticalStack.swift */,
				263475EA27F249C50003B0FC /* CustomHorizontalStackView.swift */,
			);
			path = StackViews;
			sourceTree = "<group>";
		};
		2676D9312800F0B600F0982D /* Labels */ = {
			isa = PBXGroup;
			children = (
				263475E627F23C300003B0FC /* CustomLabel.swift */,
			);
			path = Labels;
			sourceTree = "<group>";
		};
		2676D9322800F0C500F0982D /* TextFields */ = {
			isa = PBXGroup;
			children = (
				263475DF27F1F91A0003B0FC /* CustomTextField.swift */,
			);
			path = TextFields;
			sourceTree = "<group>";
		};
		2676D9332800F0D300F0982D /* ImageLogo */ = {
			isa = PBXGroup;
			children = (
				263475E227F1FBF60003B0FC /* CustomLogoImageView.swift */,
			);
			path = ImageLogo;
			sourceTree = "<group>";
		};
		2676D9342800FD9700F0982D /* HomeTabBar */ = {
			isa = PBXGroup;
			children = (
				2676D93E2800FE5C00F0982D /* TabBarViewController.swift */,
			);
			path = HomeTabBar;
			sourceTree = "<group>";
		};
		2676D9352800FDAA00F0982D /* Map */ = {
			isa = PBXGroup;
			children = (
				2676D93A2800FE2C00F0982D /* MapViewController.swift */,
				2676D9402801276300F0982D /* MapNativeView.swift */,
				2664E9F62801D3E0001EA7F7 /* GoogleMapView.swift */,
			);
			path = Map;
			sourceTree = "<group>";
		};
		2676D9362800FDC400F0982D /* Profile */ = {
			isa = PBXGroup;
			children = (
				2676D9372800FE0900F0982D /* ProfileViewController.swift */,
			);
			path = Profile;
			sourceTree = "<group>";
		};
		26A8E4C627F610D700DC8B6E /* Services */ = {
			isa = PBXGroup;
			children = (
				26A8E4C727F610E700DC8B6E /* Requests */,
				26A8E4CC27F612E800DC8B6E /* UserServiceProtocol.swift */,
				26A8E4D027F6142100DC8B6E /* UserService.swift */,
			);
			path = Services;
			sourceTree = "<group>";
		};
		26A8E4C727F610E700DC8B6E /* Requests */ = {
			isa = PBXGroup;
			children = (
				26A8E4CE27F613AB00DC8B6E /* HTTPMethod.swift */,
			);
			path = Requests;
			sourceTree = "<group>";
		};
		26A8E4D427F61BE200DC8B6E /* Application */ = {
			isa = PBXGroup;
			children = (
				265AAA9227EA11C000EFCC04 /* AppDelegate.swift */,
				265AAA9427EA11C000EFCC04 /* SceneDelegate.swift */,
			);
			path = Application;
			sourceTree = "<group>";
		};
/* End PBXGroup section */

/* Begin PBXNativeTarget section */
		265AAA8E27EA11C000EFCC04 /* AppTopCar */ = {
			isa = PBXNativeTarget;
			buildConfigurationList = 265AAAB927EA11C100EFCC04 /* Build configuration list for PBXNativeTarget "AppTopCar" */;
			buildPhases = (
				F9D7F1A6D390AC1094AC0342 /* [CP] Check Pods Manifest.lock */,
				265AAA8B27EA11C000EFCC04 /* Sources */,
				265AAA8C27EA11C000EFCC04 /* Frameworks */,
				265AAA8D27EA11C000EFCC04 /* Resources */,
				2E11DC4ED06F4031E49D0B67 /* [CP] Embed Pods Frameworks */,
				BD7864E2CD75CCFA35B7BF36 /* [CP] Copy Pods Resources */,
				2664E9FE2801DD48001EA7F7 /* Embed Frameworks */,
			);
			buildRules = (
			);
			dependencies = (
			);
			name = AppTopCar;
			productName = AppTopCar;
			productReference = 265AAA8F27EA11C000EFCC04 /* AppTopCar.app */;
			productType = "com.apple.product-type.application";
		};
		265AAAA427EA11C100EFCC04 /* AppTopCarTests */ = {
			isa = PBXNativeTarget;
			buildConfigurationList = 265AAABC27EA11C100EFCC04 /* Build configuration list for PBXNativeTarget "AppTopCarTests" */;
			buildPhases = (
				D53F7BDE6C94652E38BEB86F /* [CP] Check Pods Manifest.lock */,
				265AAAA127EA11C100EFCC04 /* Sources */,
				265AAAA227EA11C100EFCC04 /* Frameworks */,
				265AAAA327EA11C100EFCC04 /* Resources */,
			);
			buildRules = (
			);
			dependencies = (
				265AAAA727EA11C100EFCC04 /* PBXTargetDependency */,
			);
			name = AppTopCarTests;
			productName = AppTopCarTests;
			productReference = 265AAAA527EA11C100EFCC04 /* AppTopCarTests.xctest */;
			productType = "com.apple.product-type.bundle.unit-test";
		};
		265AAAAE27EA11C100EFCC04 /* AppTopCarUITests */ = {
			isa = PBXNativeTarget;
			buildConfigurationList = 265AAABF27EA11C100EFCC04 /* Build configuration list for PBXNativeTarget "AppTopCarUITests" */;
			buildPhases = (
				C02B1EE96B3DDFAB9AC51D17 /* [CP] Check Pods Manifest.lock */,
				265AAAAB27EA11C100EFCC04 /* Sources */,
				265AAAAC27EA11C100EFCC04 /* Frameworks */,
				265AAAAD27EA11C100EFCC04 /* Resources */,
				5F9BA08D7A13EE5B48A2AF32 /* [CP] Embed Pods Frameworks */,
				F6C3D037D7CAF92FAD7776DB /* [CP] Copy Pods Resources */,
			);
			buildRules = (
			);
			dependencies = (
				265AAAB127EA11C100EFCC04 /* PBXTargetDependency */,
			);
			name = AppTopCarUITests;
			productName = AppTopCarUITests;
			productReference = 265AAAAF27EA11C100EFCC04 /* AppTopCarUITests.xctest */;
			productType = "com.apple.product-type.bundle.ui-testing";
		};
/* End PBXNativeTarget section */

/* Begin PBXProject section */
		265AAA8727EA11C000EFCC04 /* Project object */ = {
			isa = PBXProject;
			attributes = {
				BuildIndependentTargetsInParallel = 1;
				LastSwiftUpdateCheck = 1320;
				LastUpgradeCheck = 1320;
				TargetAttributes = {
					265AAA8E27EA11C000EFCC04 = {
						CreatedOnToolsVersion = 13.2.1;
					};
					265AAAA427EA11C100EFCC04 = {
						CreatedOnToolsVersion = 13.2.1;
						TestTargetID = 265AAA8E27EA11C000EFCC04;
					};
					265AAAAE27EA11C100EFCC04 = {
						CreatedOnToolsVersion = 13.2.1;
						TestTargetID = 265AAA8E27EA11C000EFCC04;
					};
				};
			};
			buildConfigurationList = 265AAA8A27EA11C000EFCC04 /* Build configuration list for PBXProject "AppTopCar" */;
			compatibilityVersion = "Xcode 13.0";
			developmentRegion = en;
			hasScannedForEncodings = 0;
			knownRegions = (
				en,
				Base,
			);
			mainGroup = 265AAA8627EA11C000EFCC04;
			productRefGroup = 265AAA9027EA11C000EFCC04 /* Products */;
			projectDirPath = "";
			projectRoot = "";
			targets = (
				265AAA8E27EA11C000EFCC04 /* AppTopCar */,
				265AAAA427EA11C100EFCC04 /* AppTopCarTests */,
				265AAAAE27EA11C100EFCC04 /* AppTopCarUITests */,
			);
		};
/* End PBXProject section */

/* Begin PBXResourcesBuildPhase section */
		265AAA8D27EA11C000EFCC04 /* Resources */ = {
			isa = PBXResourcesBuildPhase;
			buildActionMask = 2147483647;
			files = (
				265AAA9F27EA11C100EFCC04 /* LaunchScreen.storyboard in Resources */,
				26A8E4D327F6169B00DC8B6E /* GoogleService-Info.plist in Resources */,
				265AAA9C27EA11C100EFCC04 /* Assets.xcassets in Resources */,
				265AAAC727EA128400EFCC04 /* Podfile in Resources */,
			);
			runOnlyForDeploymentPostprocessing = 0;
		};
		265AAAA327EA11C100EFCC04 /* Resources */ = {
			isa = PBXResourcesBuildPhase;
			buildActionMask = 2147483647;
			files = (
			);
			runOnlyForDeploymentPostprocessing = 0;
		};
		265AAAAD27EA11C100EFCC04 /* Resources */ = {
			isa = PBXResourcesBuildPhase;
			buildActionMask = 2147483647;
			files = (
			);
			runOnlyForDeploymentPostprocessing = 0;
		};
/* End PBXResourcesBuildPhase section */

/* Begin PBXShellScriptBuildPhase section */
		2E11DC4ED06F4031E49D0B67 /* [CP] Embed Pods Frameworks */ = {
			isa = PBXShellScriptBuildPhase;
			buildActionMask = 2147483647;
			files = (
			);
			inputFileListPaths = (
				"${PODS_ROOT}/Target Support Files/Pods-AppTopCar/Pods-AppTopCar-frameworks-${CONFIGURATION}-input-files.xcfilelist",
			);
			name = "[CP] Embed Pods Frameworks";
			outputFileListPaths = (
				"${PODS_ROOT}/Target Support Files/Pods-AppTopCar/Pods-AppTopCar-frameworks-${CONFIGURATION}-output-files.xcfilelist",
			);
			runOnlyForDeploymentPostprocessing = 0;
			shellPath = /bin/sh;
			shellScript = "\"${PODS_ROOT}/Target Support Files/Pods-AppTopCar/Pods-AppTopCar-frameworks.sh\"\n";
			showEnvVarsInLog = 0;
		};
		5F9BA08D7A13EE5B48A2AF32 /* [CP] Embed Pods Frameworks */ = {
			isa = PBXShellScriptBuildPhase;
			buildActionMask = 2147483647;
			files = (
			);
			inputFileListPaths = (
				"${PODS_ROOT}/Target Support Files/Pods-AppTopCar-AppTopCarUITests/Pods-AppTopCar-AppTopCarUITests-frameworks-${CONFIGURATION}-input-files.xcfilelist",
			);
			name = "[CP] Embed Pods Frameworks";
			outputFileListPaths = (
				"${PODS_ROOT}/Target Support Files/Pods-AppTopCar-AppTopCarUITests/Pods-AppTopCar-AppTopCarUITests-frameworks-${CONFIGURATION}-output-files.xcfilelist",
			);
			runOnlyForDeploymentPostprocessing = 0;
			shellPath = /bin/sh;
			shellScript = "\"${PODS_ROOT}/Target Support Files/Pods-AppTopCar-AppTopCarUITests/Pods-AppTopCar-AppTopCarUITests-frameworks.sh\"\n";
			showEnvVarsInLog = 0;
		};
		BD7864E2CD75CCFA35B7BF36 /* [CP] Copy Pods Resources */ = {
			isa = PBXShellScriptBuildPhase;
			buildActionMask = 2147483647;
			files = (
			);
			inputFileListPaths = (
				"${PODS_ROOT}/Target Support Files/Pods-AppTopCar/Pods-AppTopCar-resources-${CONFIGURATION}-input-files.xcfilelist",
			);
			name = "[CP] Copy Pods Resources";
			outputFileListPaths = (
				"${PODS_ROOT}/Target Support Files/Pods-AppTopCar/Pods-AppTopCar-resources-${CONFIGURATION}-output-files.xcfilelist",
			);
			runOnlyForDeploymentPostprocessing = 0;
			shellPath = /bin/sh;
			shellScript = "\"${PODS_ROOT}/Target Support Files/Pods-AppTopCar/Pods-AppTopCar-resources.sh\"\n";
			showEnvVarsInLog = 0;
		};
		C02B1EE96B3DDFAB9AC51D17 /* [CP] Check Pods Manifest.lock */ = {
			isa = PBXShellScriptBuildPhase;
			buildActionMask = 2147483647;
			files = (
			);
			inputFileListPaths = (
			);
			inputPaths = (
				"${PODS_PODFILE_DIR_PATH}/Podfile.lock",
				"${PODS_ROOT}/Manifest.lock",
			);
			name = "[CP] Check Pods Manifest.lock";
			outputFileListPaths = (
			);
			outputPaths = (
				"$(DERIVED_FILE_DIR)/Pods-AppTopCar-AppTopCarUITests-checkManifestLockResult.txt",
			);
			runOnlyForDeploymentPostprocessing = 0;
			shellPath = /bin/sh;
			shellScript = "diff \"${PODS_PODFILE_DIR_PATH}/Podfile.lock\" \"${PODS_ROOT}/Manifest.lock\" > /dev/null\nif [ $? != 0 ] ; then\n    # print error to STDERR\n    echo \"error: The sandbox is not in sync with the Podfile.lock. Run 'pod install' or update your CocoaPods installation.\" >&2\n    exit 1\nfi\n# This output is used by Xcode 'outputs' to avoid re-running this script phase.\necho \"SUCCESS\" > \"${SCRIPT_OUTPUT_FILE_0}\"\n";
			showEnvVarsInLog = 0;
		};
		D53F7BDE6C94652E38BEB86F /* [CP] Check Pods Manifest.lock */ = {
			isa = PBXShellScriptBuildPhase;
			buildActionMask = 2147483647;
			files = (
			);
			inputFileListPaths = (
			);
			inputPaths = (
				"${PODS_PODFILE_DIR_PATH}/Podfile.lock",
				"${PODS_ROOT}/Manifest.lock",
			);
			name = "[CP] Check Pods Manifest.lock";
			outputFileListPaths = (
			);
			outputPaths = (
				"$(DERIVED_FILE_DIR)/Pods-AppTopCarTests-checkManifestLockResult.txt",
			);
			runOnlyForDeploymentPostprocessing = 0;
			shellPath = /bin/sh;
			shellScript = "diff \"${PODS_PODFILE_DIR_PATH}/Podfile.lock\" \"${PODS_ROOT}/Manifest.lock\" > /dev/null\nif [ $? != 0 ] ; then\n    # print error to STDERR\n    echo \"error: The sandbox is not in sync with the Podfile.lock. Run 'pod install' or update your CocoaPods installation.\" >&2\n    exit 1\nfi\n# This output is used by Xcode 'outputs' to avoid re-running this script phase.\necho \"SUCCESS\" > \"${SCRIPT_OUTPUT_FILE_0}\"\n";
			showEnvVarsInLog = 0;
		};
		F6C3D037D7CAF92FAD7776DB /* [CP] Copy Pods Resources */ = {
			isa = PBXShellScriptBuildPhase;
			buildActionMask = 2147483647;
			files = (
			);
			inputFileListPaths = (
				"${PODS_ROOT}/Target Support Files/Pods-AppTopCar-AppTopCarUITests/Pods-AppTopCar-AppTopCarUITests-resources-${CONFIGURATION}-input-files.xcfilelist",
			);
			name = "[CP] Copy Pods Resources";
			outputFileListPaths = (
				"${PODS_ROOT}/Target Support Files/Pods-AppTopCar-AppTopCarUITests/Pods-AppTopCar-AppTopCarUITests-resources-${CONFIGURATION}-output-files.xcfilelist",
			);
			runOnlyForDeploymentPostprocessing = 0;
			shellPath = /bin/sh;
			shellScript = "\"${PODS_ROOT}/Target Support Files/Pods-AppTopCar-AppTopCarUITests/Pods-AppTopCar-AppTopCarUITests-resources.sh\"\n";
			showEnvVarsInLog = 0;
		};
		F9D7F1A6D390AC1094AC0342 /* [CP] Check Pods Manifest.lock */ = {
			isa = PBXShellScriptBuildPhase;
			buildActionMask = 2147483647;
			files = (
			);
			inputFileListPaths = (
			);
			inputPaths = (
				"${PODS_PODFILE_DIR_PATH}/Podfile.lock",
				"${PODS_ROOT}/Manifest.lock",
			);
			name = "[CP] Check Pods Manifest.lock";
			outputFileListPaths = (
			);
			outputPaths = (
				"$(DERIVED_FILE_DIR)/Pods-AppTopCar-checkManifestLockResult.txt",
			);
			runOnlyForDeploymentPostprocessing = 0;
			shellPath = /bin/sh;
			shellScript = "diff \"${PODS_PODFILE_DIR_PATH}/Podfile.lock\" \"${PODS_ROOT}/Manifest.lock\" > /dev/null\nif [ $? != 0 ] ; then\n    # print error to STDERR\n    echo \"error: The sandbox is not in sync with the Podfile.lock. Run 'pod install' or update your CocoaPods installation.\" >&2\n    exit 1\nfi\n# This output is used by Xcode 'outputs' to avoid re-running this script phase.\necho \"SUCCESS\" > \"${SCRIPT_OUTPUT_FILE_0}\"\n";
			showEnvVarsInLog = 0;
		};
/* End PBXShellScriptBuildPhase section */

/* Begin PBXSourcesBuildPhase section */
		265AAA8B27EA11C000EFCC04 /* Sources */ = {
			isa = PBXSourcesBuildPhase;
			buildActionMask = 2147483647;
			files = (
				2676D93F2800FE5C00F0982D /* TabBarViewController.swift in Sources */,
				2676D93B2800FE2C00F0982D /* MapViewController.swift in Sources */,
				265AAACC27EA155B00EFCC04 /* SignInView.swift in Sources */,
				263475DC27F1F83C0003B0FC /* UIStackView+extensions.swift in Sources */,
				265AAA9727EA11C000EFCC04 /* SignInViewController.swift in Sources */,
				267E4D2E27F484BD00019B7E /* String+extensions.swift in Sources */,
				265FEF9027F37165009199F1 /* KeyboardShow.swift in Sources */,
				263475DE27F1F89E0003B0FC /* CustomVerticalStack.swift in Sources */,
				26A8E4D127F6142100DC8B6E /* UserService.swift in Sources */,
				2680EDA727F74D7800DB139D /* TransactionCustomButton.swift in Sources */,
				263475EB27F249C50003B0FC /* CustomHorizontalStackView.swift in Sources */,
				263475EF27F254F40003B0FC /* SignUpViewController.swift in Sources */,
				26A8E4CF27F613AB00DC8B6E /* HTTPMethod.swift in Sources */,
				263475ED27F254110003B0FC /* ForgotViewController.swift in Sources */,
				2676D9382800FE0900F0982D /* ProfileViewController.swift in Sources */,
				263475E927F23CEA0003B0FC /* CustomButton.swift in Sources */,
				265AAA9327EA11C000EFCC04 /* AppDelegate.swift in Sources */,
				2676D92A2800DFA100F0982D /* ServicesTableView.swift in Sources */,
				263475E327F1FBF60003B0FC /* CustomLogoImageView.swift in Sources */,
				265AAACE27EA15EA00EFCC04 /* CodeView.swift in Sources */,
				2664E9F72801D3E0001EA7F7 /* GoogleMapView.swift in Sources */,
				263475F127F260A40003B0FC /* ForgotView.swift in Sources */,
				26A8E4CD27F612E800DC8B6E /* UserServiceProtocol.swift in Sources */,
				265FEF8C27F34260009199F1 /* UIResponder+extensions.swift in Sources */,
				263475E027F1F91A0003B0FC /* CustomTextField.swift in Sources */,
				263475E527F225CE0003B0FC /* ConfirmButton.swift in Sources */,
				26525DB328088EED008A288C /* CategoryCollectionViewCell.swift in Sources */,
				2676D9412801276300F0982D /* MapNativeView.swift in Sources */,
				263475E727F23C300003B0FC /* CustomLabel.swift in Sources */,
				265FEF8E27F3573B009199F1 /* SignUpView.swift in Sources */,
				263475DA27F1F76C0003B0FC /* UIView+extensions.swift in Sources */,
				265AAA9527EA11C000EFCC04 /* SceneDelegate.swift in Sources */,
				265AAAC927EA14D900EFCC04 /* HomeViewController.swift in Sources */,
				26A8E4CA27F6127F00DC8B6E /* User.swift in Sources */,
				2676D92E2800EE6B00F0982D /* CustomTableViewCell.swift in Sources */,
			);
			runOnlyForDeploymentPostprocessing = 0;
		};
		265AAAA127EA11C100EFCC04 /* Sources */ = {
			isa = PBXSourcesBuildPhase;
			buildActionMask = 2147483647;
			files = (
				265AAAAA27EA11C100EFCC04 /* AppTopCarTests.swift in Sources */,
			);
			runOnlyForDeploymentPostprocessing = 0;
		};
		265AAAAB27EA11C100EFCC04 /* Sources */ = {
			isa = PBXSourcesBuildPhase;
			buildActionMask = 2147483647;
			files = (
				265AAAB427EA11C100EFCC04 /* AppTopCarUITests.swift in Sources */,
				265AAAB627EA11C100EFCC04 /* AppTopCarUITestsLaunchTests.swift in Sources */,
			);
			runOnlyForDeploymentPostprocessing = 0;
		};
/* End PBXSourcesBuildPhase section */

/* Begin PBXTargetDependency section */
		265AAAA727EA11C100EFCC04 /* PBXTargetDependency */ = {
			isa = PBXTargetDependency;
			target = 265AAA8E27EA11C000EFCC04 /* AppTopCar */;
			targetProxy = 265AAAA627EA11C100EFCC04 /* PBXContainerItemProxy */;
		};
		265AAAB127EA11C100EFCC04 /* PBXTargetDependency */ = {
			isa = PBXTargetDependency;
			target = 265AAA8E27EA11C000EFCC04 /* AppTopCar */;
			targetProxy = 265AAAB027EA11C100EFCC04 /* PBXContainerItemProxy */;
		};
/* End PBXTargetDependency section */

/* Begin PBXVariantGroup section */
		265AAA9D27EA11C100EFCC04 /* LaunchScreen.storyboard */ = {
			isa = PBXVariantGroup;
			children = (
				265AAA9E27EA11C100EFCC04 /* Base */,
			);
			name = LaunchScreen.storyboard;
			sourceTree = "<group>";
		};
/* End PBXVariantGroup section */

/* Begin XCBuildConfiguration section */
		265AAAB727EA11C100EFCC04 /* Debug */ = {
			isa = XCBuildConfiguration;
			buildSettings = {
				ALWAYS_SEARCH_USER_PATHS = NO;
				CLANG_ANALYZER_NONNULL = YES;
				CLANG_ANALYZER_NUMBER_OBJECT_CONVERSION = YES_AGGRESSIVE;
				CLANG_CXX_LANGUAGE_STANDARD = "gnu++17";
				CLANG_CXX_LIBRARY = "libc++";
				CLANG_ENABLE_MODULES = YES;
				CLANG_ENABLE_OBJC_ARC = YES;
				CLANG_ENABLE_OBJC_WEAK = YES;
				CLANG_WARN_BLOCK_CAPTURE_AUTORELEASING = YES;
				CLANG_WARN_BOOL_CONVERSION = YES;
				CLANG_WARN_COMMA = YES;
				CLANG_WARN_CONSTANT_CONVERSION = YES;
				CLANG_WARN_DEPRECATED_OBJC_IMPLEMENTATIONS = YES;
				CLANG_WARN_DIRECT_OBJC_ISA_USAGE = YES_ERROR;
				CLANG_WARN_DOCUMENTATION_COMMENTS = YES;
				CLANG_WARN_EMPTY_BODY = YES;
				CLANG_WARN_ENUM_CONVERSION = YES;
				CLANG_WARN_INFINITE_RECURSION = YES;
				CLANG_WARN_INT_CONVERSION = YES;
				CLANG_WARN_NON_LITERAL_NULL_CONVERSION = YES;
				CLANG_WARN_OBJC_IMPLICIT_RETAIN_SELF = YES;
				CLANG_WARN_OBJC_LITERAL_CONVERSION = YES;
				CLANG_WARN_OBJC_ROOT_CLASS = YES_ERROR;
				CLANG_WARN_QUOTED_INCLUDE_IN_FRAMEWORK_HEADER = YES;
				CLANG_WARN_RANGE_LOOP_ANALYSIS = YES;
				CLANG_WARN_STRICT_PROTOTYPES = YES;
				CLANG_WARN_SUSPICIOUS_MOVE = YES;
				CLANG_WARN_UNGUARDED_AVAILABILITY = YES_AGGRESSIVE;
				CLANG_WARN_UNREACHABLE_CODE = YES;
				CLANG_WARN__DUPLICATE_METHOD_MATCH = YES;
				COPY_PHASE_STRIP = NO;
				DEBUG_INFORMATION_FORMAT = dwarf;
				ENABLE_STRICT_OBJC_MSGSEND = YES;
				ENABLE_TESTABILITY = YES;
				EXCLUDED_ARCHS = arm64;
				"EXCLUDED_ARCHS[sdk=iphonesimulator*]" = arm64;
				GCC_C_LANGUAGE_STANDARD = gnu11;
				GCC_DYNAMIC_NO_PIC = NO;
				GCC_NO_COMMON_BLOCKS = YES;
				GCC_OPTIMIZATION_LEVEL = 0;
				GCC_PREPROCESSOR_DEFINITIONS = (
					"DEBUG=1",
					"$(inherited)",
				);
				GCC_WARN_64_TO_32_BIT_CONVERSION = YES;
				GCC_WARN_ABOUT_RETURN_TYPE = YES_ERROR;
				GCC_WARN_UNDECLARED_SELECTOR = YES;
				GCC_WARN_UNINITIALIZED_AUTOS = YES_AGGRESSIVE;
				GCC_WARN_UNUSED_FUNCTION = YES;
				GCC_WARN_UNUSED_VARIABLE = YES;
				IPHONEOS_DEPLOYMENT_TARGET = 15.2;
				MTL_ENABLE_DEBUG_INFO = INCLUDE_SOURCE;
				MTL_FAST_MATH = YES;
				ONLY_ACTIVE_ARCH = YES;
				SDKROOT = iphoneos;
				SWIFT_ACTIVE_COMPILATION_CONDITIONS = DEBUG;
				SWIFT_OPTIMIZATION_LEVEL = "-Onone";
			};
			name = Debug;
		};
		265AAAB827EA11C100EFCC04 /* Release */ = {
			isa = XCBuildConfiguration;
			buildSettings = {
				ALWAYS_SEARCH_USER_PATHS = NO;
				CLANG_ANALYZER_NONNULL = YES;
				CLANG_ANALYZER_NUMBER_OBJECT_CONVERSION = YES_AGGRESSIVE;
				CLANG_CXX_LANGUAGE_STANDARD = "gnu++17";
				CLANG_CXX_LIBRARY = "libc++";
				CLANG_ENABLE_MODULES = YES;
				CLANG_ENABLE_OBJC_ARC = YES;
				CLANG_ENABLE_OBJC_WEAK = YES;
				CLANG_WARN_BLOCK_CAPTURE_AUTORELEASING = YES;
				CLANG_WARN_BOOL_CONVERSION = YES;
				CLANG_WARN_COMMA = YES;
				CLANG_WARN_CONSTANT_CONVERSION = YES;
				CLANG_WARN_DEPRECATED_OBJC_IMPLEMENTATIONS = YES;
				CLANG_WARN_DIRECT_OBJC_ISA_USAGE = YES_ERROR;
				CLANG_WARN_DOCUMENTATION_COMMENTS = YES;
				CLANG_WARN_EMPTY_BODY = YES;
				CLANG_WARN_ENUM_CONVERSION = YES;
				CLANG_WARN_INFINITE_RECURSION = YES;
				CLANG_WARN_INT_CONVERSION = YES;
				CLANG_WARN_NON_LITERAL_NULL_CONVERSION = YES;
				CLANG_WARN_OBJC_IMPLICIT_RETAIN_SELF = YES;
				CLANG_WARN_OBJC_LITERAL_CONVERSION = YES;
				CLANG_WARN_OBJC_ROOT_CLASS = YES_ERROR;
				CLANG_WARN_QUOTED_INCLUDE_IN_FRAMEWORK_HEADER = YES;
				CLANG_WARN_RANGE_LOOP_ANALYSIS = YES;
				CLANG_WARN_STRICT_PROTOTYPES = YES;
				CLANG_WARN_SUSPICIOUS_MOVE = YES;
				CLANG_WARN_UNGUARDED_AVAILABILITY = YES_AGGRESSIVE;
				CLANG_WARN_UNREACHABLE_CODE = YES;
				CLANG_WARN__DUPLICATE_METHOD_MATCH = YES;
				COPY_PHASE_STRIP = NO;
				DEBUG_INFORMATION_FORMAT = "dwarf-with-dsym";
				ENABLE_NS_ASSERTIONS = NO;
				ENABLE_STRICT_OBJC_MSGSEND = YES;
				EXCLUDED_ARCHS = arm64;
				"EXCLUDED_ARCHS[sdk=iphonesimulator*]" = arm64;
				GCC_C_LANGUAGE_STANDARD = gnu11;
				GCC_NO_COMMON_BLOCKS = YES;
				GCC_WARN_64_TO_32_BIT_CONVERSION = YES;
				GCC_WARN_ABOUT_RETURN_TYPE = YES_ERROR;
				GCC_WARN_UNDECLARED_SELECTOR = YES;
				GCC_WARN_UNINITIALIZED_AUTOS = YES_AGGRESSIVE;
				GCC_WARN_UNUSED_FUNCTION = YES;
				GCC_WARN_UNUSED_VARIABLE = YES;
				IPHONEOS_DEPLOYMENT_TARGET = 15.2;
				MTL_ENABLE_DEBUG_INFO = NO;
				MTL_FAST_MATH = YES;
				ONLY_ACTIVE_ARCH = YES;
				SDKROOT = iphoneos;
				SWIFT_COMPILATION_MODE = wholemodule;
				SWIFT_OPTIMIZATION_LEVEL = "-O";
				VALIDATE_PRODUCT = YES;
			};
			name = Release;
		};
		265AAABA27EA11C100EFCC04 /* Debug */ = {
			isa = XCBuildConfiguration;
			baseConfigurationReference = 85A1F630700D0F2CC27D058A /* Pods-AppTopCar.debug.xcconfig */;
			buildSettings = {
				ASSETCATALOG_COMPILER_APPICON_NAME = AppIcon;
				ASSETCATALOG_COMPILER_GLOBAL_ACCENT_COLOR_NAME = AccentColor;
				CODE_SIGN_STYLE = Automatic;
				CURRENT_PROJECT_VERSION = 1;
				DEVELOPMENT_TEAM = QY59Z7GK88;
				GENERATE_INFOPLIST_FILE = YES;
				INFOPLIST_FILE = AppTopCar/Info.plist;
				INFOPLIST_KEY_NSLocationAlwaysAndWhenInUseUsageDescription = "Por favor, permita ver a localização atual.";
				INFOPLIST_KEY_NSLocationWhenInUseUsageDescription = "Por favor, permita ver a localização atual.";
				INFOPLIST_KEY_UIApplicationSupportsIndirectInputEvents = YES;
				INFOPLIST_KEY_UILaunchStoryboardName = LaunchScreen;
				INFOPLIST_KEY_UISupportedInterfaceOrientations = UIInterfaceOrientationPortrait;
				INFOPLIST_KEY_UISupportedInterfaceOrientations_iPad = "UIInterfaceOrientationPortrait UIInterfaceOrientationPortraitUpsideDown UIInterfaceOrientationLandscapeLeft UIInterfaceOrientationLandscapeRight";
				INFOPLIST_KEY_UISupportedInterfaceOrientations_iPhone = "UIInterfaceOrientationPortrait UIInterfaceOrientationLandscapeLeft UIInterfaceOrientationLandscapeRight";
				IPHONEOS_DEPLOYMENT_TARGET = 13.0;
				LD_RUNPATH_SEARCH_PATHS = (
					"$(inherited)",
					"@executable_path/Frameworks",
				);
				MARKETING_VERSION = 1.0;
				NEW_SETTING = "";
				NEW_SETTING1 = "";
				PRODUCT_BUNDLE_IDENTIFIER = com.rafael.AppTopCar;
				PRODUCT_NAME = "$(TARGET_NAME)";
				SWIFT_EMIT_LOC_STRINGS = YES;
				SWIFT_VERSION = 5.0;
				TARGETED_DEVICE_FAMILY = 1;
			};
			name = Debug;
		};
		265AAABB27EA11C100EFCC04 /* Release */ = {
			isa = XCBuildConfiguration;
			baseConfigurationReference = 010F46746638499AF394E589 /* Pods-AppTopCar.release.xcconfig */;
			buildSettings = {
				ASSETCATALOG_COMPILER_APPICON_NAME = AppIcon;
				ASSETCATALOG_COMPILER_GLOBAL_ACCENT_COLOR_NAME = AccentColor;
				CODE_SIGN_STYLE = Automatic;
				CURRENT_PROJECT_VERSION = 1;
				DEVELOPMENT_TEAM = QY59Z7GK88;
				GENERATE_INFOPLIST_FILE = YES;
				INFOPLIST_FILE = AppTopCar/Info.plist;
				INFOPLIST_KEY_NSLocationAlwaysAndWhenInUseUsageDescription = "Por favor, permita ver a localização atual.";
				INFOPLIST_KEY_NSLocationWhenInUseUsageDescription = "Por favor, permita ver a localização atual.";
				INFOPLIST_KEY_UIApplicationSupportsIndirectInputEvents = YES;
				INFOPLIST_KEY_UILaunchStoryboardName = LaunchScreen;
				INFOPLIST_KEY_UISupportedInterfaceOrientations = UIInterfaceOrientationPortrait;
				INFOPLIST_KEY_UISupportedInterfaceOrientations_iPad = "UIInterfaceOrientationPortrait UIInterfaceOrientationPortraitUpsideDown UIInterfaceOrientationLandscapeLeft UIInterfaceOrientationLandscapeRight";
				INFOPLIST_KEY_UISupportedInterfaceOrientations_iPhone = "UIInterfaceOrientationPortrait UIInterfaceOrientationLandscapeLeft UIInterfaceOrientationLandscapeRight";
				IPHONEOS_DEPLOYMENT_TARGET = 13.0;
				LD_RUNPATH_SEARCH_PATHS = (
					"$(inherited)",
					"@executable_path/Frameworks",
				);
				MARKETING_VERSION = 1.0;
				NEW_SETTING = "";
				NEW_SETTING1 = "";
				PRODUCT_BUNDLE_IDENTIFIER = com.rafael.AppTopCar;
				PRODUCT_NAME = "$(TARGET_NAME)";
				SWIFT_EMIT_LOC_STRINGS = YES;
				SWIFT_VERSION = 5.0;
				TARGETED_DEVICE_FAMILY = 1;
			};
			name = Release;
		};
		265AAABD27EA11C100EFCC04 /* Debug */ = {
			isa = XCBuildConfiguration;
			baseConfigurationReference = FE12BD3DD3C69D8D43BA20EC /* Pods-AppTopCarTests.debug.xcconfig */;
			buildSettings = {
				ALWAYS_EMBED_SWIFT_STANDARD_LIBRARIES = YES;
				BUNDLE_LOADER = "$(TEST_HOST)";
				CODE_SIGN_STYLE = Automatic;
				CURRENT_PROJECT_VERSION = 1;
				DEVELOPMENT_TEAM = QY59Z7GK88;
				GENERATE_INFOPLIST_FILE = YES;
				IPHONEOS_DEPLOYMENT_TARGET = 15.2;
				MARKETING_VERSION = 1.0;
				PRODUCT_BUNDLE_IDENTIFIER = com.rafael.AppTopCarTests;
				PRODUCT_NAME = "$(TARGET_NAME)";
				SWIFT_EMIT_LOC_STRINGS = NO;
				SWIFT_VERSION = 5.0;
				TARGETED_DEVICE_FAMILY = "1,2";
				TEST_HOST = "$(BUILT_PRODUCTS_DIR)/AppTopCar.app/AppTopCar";
			};
			name = Debug;
		};
		265AAABE27EA11C100EFCC04 /* Release */ = {
			isa = XCBuildConfiguration;
			baseConfigurationReference = 8F5A59A036D0D0E343A14B63 /* Pods-AppTopCarTests.release.xcconfig */;
			buildSettings = {
				ALWAYS_EMBED_SWIFT_STANDARD_LIBRARIES = YES;
				BUNDLE_LOADER = "$(TEST_HOST)";
				CODE_SIGN_STYLE = Automatic;
				CURRENT_PROJECT_VERSION = 1;
				DEVELOPMENT_TEAM = QY59Z7GK88;
				GENERATE_INFOPLIST_FILE = YES;
				IPHONEOS_DEPLOYMENT_TARGET = 15.2;
				MARKETING_VERSION = 1.0;
				PRODUCT_BUNDLE_IDENTIFIER = com.rafael.AppTopCarTests;
				PRODUCT_NAME = "$(TARGET_NAME)";
				SWIFT_EMIT_LOC_STRINGS = NO;
				SWIFT_VERSION = 5.0;
				TARGETED_DEVICE_FAMILY = "1,2";
				TEST_HOST = "$(BUILT_PRODUCTS_DIR)/AppTopCar.app/AppTopCar";
			};
			name = Release;
		};
		265AAAC027EA11C100EFCC04 /* Debug */ = {
			isa = XCBuildConfiguration;
			baseConfigurationReference = 28233397752204C9F8E6E0A7 /* Pods-AppTopCar-AppTopCarUITests.debug.xcconfig */;
			buildSettings = {
				ALWAYS_EMBED_SWIFT_STANDARD_LIBRARIES = YES;
				CODE_SIGN_STYLE = Automatic;
				CURRENT_PROJECT_VERSION = 1;
				DEVELOPMENT_TEAM = QY59Z7GK88;
				GENERATE_INFOPLIST_FILE = YES;
				MARKETING_VERSION = 1.0;
				PRODUCT_BUNDLE_IDENTIFIER = com.rafael.AppTopCarUITests;
				PRODUCT_NAME = "$(TARGET_NAME)";
				SWIFT_EMIT_LOC_STRINGS = NO;
				SWIFT_VERSION = 5.0;
				TARGETED_DEVICE_FAMILY = "1,2";
				TEST_TARGET_NAME = AppTopCar;
			};
			name = Debug;
		};
		265AAAC127EA11C100EFCC04 /* Release */ = {
			isa = XCBuildConfiguration;
			baseConfigurationReference = 637DD0FE7B631B89E38E192A /* Pods-AppTopCar-AppTopCarUITests.release.xcconfig */;
			buildSettings = {
				ALWAYS_EMBED_SWIFT_STANDARD_LIBRARIES = YES;
				CODE_SIGN_STYLE = Automatic;
				CURRENT_PROJECT_VERSION = 1;
				DEVELOPMENT_TEAM = QY59Z7GK88;
				GENERATE_INFOPLIST_FILE = YES;
				MARKETING_VERSION = 1.0;
				PRODUCT_BUNDLE_IDENTIFIER = com.rafael.AppTopCarUITests;
				PRODUCT_NAME = "$(TARGET_NAME)";
				SWIFT_EMIT_LOC_STRINGS = NO;
				SWIFT_VERSION = 5.0;
				TARGETED_DEVICE_FAMILY = "1,2";
				TEST_TARGET_NAME = AppTopCar;
			};
			name = Release;
		};
/* End XCBuildConfiguration section */

/* Begin XCConfigurationList section */
		265AAA8A27EA11C000EFCC04 /* Build configuration list for PBXProject "AppTopCar" */ = {
			isa = XCConfigurationList;
			buildConfigurations = (
				265AAAB727EA11C100EFCC04 /* Debug */,
				265AAAB827EA11C100EFCC04 /* Release */,
			);
			defaultConfigurationIsVisible = 0;
			defaultConfigurationName = Release;
		};
		265AAAB927EA11C100EFCC04 /* Build configuration list for PBXNativeTarget "AppTopCar" */ = {
			isa = XCConfigurationList;
			buildConfigurations = (
				265AAABA27EA11C100EFCC04 /* Debug */,
				265AAABB27EA11C100EFCC04 /* Release */,
			);
			defaultConfigurationIsVisible = 0;
			defaultConfigurationName = Release;
		};
		265AAABC27EA11C100EFCC04 /* Build configuration list for PBXNativeTarget "AppTopCarTests" */ = {
			isa = XCConfigurationList;
			buildConfigurations = (
				265AAABD27EA11C100EFCC04 /* Debug */,
				265AAABE27EA11C100EFCC04 /* Release */,
			);
			defaultConfigurationIsVisible = 0;
			defaultConfigurationName = Release;
		};
		265AAABF27EA11C100EFCC04 /* Build configuration list for PBXNativeTarget "AppTopCarUITests" */ = {
			isa = XCConfigurationList;
			buildConfigurations = (
				265AAAC027EA11C100EFCC04 /* Debug */,
				265AAAC127EA11C100EFCC04 /* Release */,
			);
			defaultConfigurationIsVisible = 0;
			defaultConfigurationName = Release;
		};
/* End XCConfigurationList section */
	};
	rootObject = 265AAA8727EA11C000EFCC04 /* Project object */;
}
